
Microsoft Visual Studio Solution File, Format Version 12.00
# Visual Studio Version 16
VisualStudioVersion = 25.0.1705.4
MinimumVisualStudioVersion = 10.0.40219.1
Project("{FAE04EC0-301F-11D3-BF4B-00C04F79EFBC}") = "ConstantMultiplierMethod", "ConstantMultiplierMethod\ConstantMultiplierMethod.csproj", "{BB6520D2-CC11-42B8-AD13-77A824852149}"
EndProject
Global
	GlobalSection(SolutionConfigurationPlatforms) = preSolution
		Debug|Any CPU = Debug|Any CPU
		Release|Any CPU = Release|Any CPU
	EndGlobalSection
	GlobalSection(ProjectConfigurationPlatforms) = postSolution
		{BB6520D2-CC11-42B8-AD13-77A824852149}.Debug|Any CPU.ActiveCfg = Debug|Any CPU
		{BB6520D2-CC11-42B8-AD13-77A824852149}.Debug|Any CPU.Build.0 = Debug|Any CPU
		{BB6520D2-CC11-42B8-AD13-77A824852149}.Release|Any CPU.ActiveCfg = Release|Any CPU
		{BB6520D2-CC11-42B8-AD13-77A824852149}.Release|Any CPU.Build.0 = Release|Any CPU
	EndGlobalSection
	GlobalSection(SolutionProperties) = preSolution
		HideSolutionNode = FALSE
	EndGlobalSection
	GlobalSection(ExtensibilityGlobals) = postSolution
		SolutionGuid = {25B7D2C1-3E0B-4BAD-8448-7FBE95BB998B}
	EndGlobalSection
EndGlobal
